// !$*UTF8*$!
{
	archiveVersion = 1;
	classes = {
	};
	objectVersion = 46;
	objects = {

/* Begin PBXBuildFile section */
		C513AC851B8AF1A700DC77CE /* main.cpp in Sources */ = {isa = PBXBuildFile; fileRef = C513AC841B8AF1A700DC77CE /* main.cpp */; };
/* End PBXBuildFile section */

/* Begin PBXCopyFilesBuildPhase section */
		C513AC7F1B8AF1A700DC77CE /* CopyFiles */ = {
			isa = PBXCopyFilesBuildPhase;
			buildActionMask = 2147483647;
			dstPath = /usr/share/man/man1/;
			dstSubfolderSpec = 0;
			files = (
			);
			runOnlyForDeploymentPostprocessing = 1;
		};
/* End PBXCopyFilesBuildPhase section */

/* Begin PBXFileReference section */
		C513AC811B8AF1A700DC77CE /* 3.9 fltadd */ = {isa = PBXFileReference; explicitFileType = "compiled.mach-o.executable"; includeInIndex = 0; path = "3.9 fltadd"; sourceTree = BUILT_PRODUCTS_DIR; };
		C513AC841B8AF1A700DC77CE /* main.cpp */ = {isa = PBXFileReference; lastKnownFileType = sourcecode.cpp.cpp; path = main.cpp; sourceTree = "<group>"; };
/* End PBXFileReference section */

/* Begin PBXFrameworksBuildPhase section */
		C513AC7E1B8AF1A700DC77CE /* Frameworks */ = {
			isa = PBXFrameworksBuildPhase;
			buildActionMask = 2147483647;
			files = (
			);
			runOnlyForDeploymentPostprocessing = 0;
		};
/* End PBXFrameworksBuildPhase section */

/* Begin PBXGroup section */
		C513AC781B8AF1A700DC77CE = {
			isa = PBXGroup;
			children = (
				C513AC831B8AF1A700DC77CE /* 3.9 fltadd */,
				C513AC821B8AF1A700DC77CE /* Products */,
			);
			sourceTree = "<group>";
		};
		C513AC821B8AF1A700DC77CE /* Products */ = {
			isa = PBXGroup;
			children = (
				C513AC811B8AF1A700DC77CE /* 3.9 fltadd */,
			);
			name = Products;
			sourceTree = "<group>";
		};
		C513AC831B8AF1A700DC77CE /* 3.9 fltadd */ = {
			isa = PBXGroup;
			children = (
				C513AC841B8AF1A700DC77CE /* main.cpp */,
			);
			path = "3.9 fltadd";
			sourceTree = "<group>";
		};
/* End PBXGroup section */

/* Begin PBXNativeTarget section */
		C513AC801B8AF1A700DC77CE /* 3.9 fltadd */ = {
			isa = PBXNativeTarget;
			buildConfigurationList = C513AC881B8AF1A700DC77CE /* Build configuration list for PBXNativeTarget "3.9 fltadd" */;
			buildPhases = (
				C513AC7D1B8AF1A700DC77CE /* Sources */,
				C513AC7E1B8AF1A700DC77CE /* Frameworks */,
				C513AC7F1B8AF1A700DC77CE /* CopyFiles */,
			);
			buildRules = (
			);
			dependencies = (
			);
			name = "3.9 fltadd";
			productName = "3.9 fltadd";
			productReference = C513AC811B8AF1A700DC77CE /* 3.9 fltadd */;
			productType = "com.apple.product-type.tool";
		};
/* End PBXNativeTarget section */

/* Begin PBXProject section */
		C513AC791B8AF1A700DC77CE /* Project object */ = {
			isa = PBXProject;
			attributes = {
				LastUpgradeCheck = 0640;
				ORGANIZATIONNAME = "Shenme Studio";
				TargetAttributes = {
					C513AC801B8AF1A700DC77CE = {
						CreatedOnToolsVersion = 6.4;
					};
				};
			};
			buildConfigurationList = C513AC7C1B8AF1A700DC77CE /* Build configuration list for PBXProject "3.9 fltadd" */;
			compatibilityVersion = "Xcode 3.2";
			developmentRegion = English;
			hasScannedForEncodings = 0;
			knownRegions = (
				en,
			);
			mainGroup = C513AC781B8AF1A700DC77CE;
			productRefGroup = C513AC821B8AF1A700DC77CE /* Products */;
			projectDirPath = "";
			projectRoot = "";
			targets = (
				C513AC801B8AF1A700DC77CE /* 3.9 fltadd */,
			);
		};
/* End PBXProject section */

/* Begin PBXSourcesBuildPhase section */
		C513AC7D1B8AF1A700DC77CE /* Sources */ = {
			isa = PBXSourcesBuildPhase;
			buildActionMask = 2147483647;
			files = (
				C513AC851B8AF1A700DC77CE /* main.cpp in Sources */,
			);
			runOnlyForDeploymentPostprocessing = 0;
		};
/* End PBXSourcesBuildPhase section */

/* Begin XCBuildConfiguration section */
		C513AC861B8AF1A700DC77CE /* Debug */ = {
			isa = XCBuildConfiguration;
			buildSettings = {
				ALWAYS_SEARCH_USER_PATHS = NO;
				CLANG_CXX_LANGUAGE_STANDARD = "gnu++0x";
				CLANG_CXX_LIBRARY = "libc++";
				CLANG_ENABLE_MODULES = YES;
				CLANG_ENABLE_OBJC_ARC = YES;
				CLANG_WARN_BOOL_CONVERSION = YES;
				CLANG_WARN_CONSTANT_CONVERSION = YES;
				CLANG_WARN_DIRECT_OBJC_ISA_USAGE = YES_ERROR;
				CLANG_WARN_EMPTY_BODY = YES;
				CLANG_WARN_ENUM_CONVERSION = YES;
				CLANG_WARN_INT_CONVERSION = YES;
				CLANG_WARN_OBJC_ROOT_CLASS = YES_ERROR;
				CLANG_WARN_UNREACHABLE_CODE = YES;
				CLANG_WARN__DUPLICATE_METHOD_MATCH = YES;
				COPY_PHASE_STRIP = NO;
				DEBUG_INFORMATION_FORMAT = dwarf;
				ENABLE_STRICT_OBJC_MSGSEND = YES;
				GCC_C_LANGUAGE_STANDARD = gnu99;
				GCC_DYNAMIC_NO_PIC = NO;
				GCC_NO_COMMON_BLOCKS = YES;
				GCC_OPTIMIZATION_LEVEL = 0;
				GCC_PREPROCESSOR_DEFINITIONS = (
					"DEBUG=1",
					"$(inherited)",
				);
				GCC_SYMBOLS_PRIVATE_EXTERN = NO;
				GCC_WARN_64_TO_32_BIT_CONVERSION = YES;
				GCC_WARN_ABOUT_RETURN_TYPE = YES_ERROR;
				GCC_WARN_UNDECLARED_SELECTOR = YES;
				GCC_WARN_UNINITIALIZED_AUTOS = YES_AGGRESSIVE;
				GCC_WARN_UNUSED_FUNCTION = YES;
				GCC_WARN_UNUSED_VARIABLE = YES;
				MACOSX_DEPLOYMENT_TARGET = 10.10;
				MTL_ENABLE_DEBUG_INFO = YES;
				ONLY_ACTIVE_ARCH = YES;
				SDKROOT = macosx;
			};
			name = Debug;
		};
		C513AC871B8AF1A700DC77CE /* Release */ = {
			isa = XCBuildConfiguration;
			buildSettings = {
				ALWAYS_SEARCH_USER_PATHS = NO;
				CLANG_CXX_LANGUAGE_STANDARD = "gnu++0x";
				CLANG_CXX_LIBRARY = "libc++";
				CLANG_ENABLE_MODULES = YES;
				CLANG_ENABLE_OBJC_ARC = YES;
				CLANG_WARN_BOOL_CONVERSION = YES;
				CLANG_WARN_CONSTANT_CONVERSION = YES;
				CLANG_WARN_DIRECT_OBJC_ISA_USAGE = YES_ERROR;
				CLANG_WARN_EMPTY_BODY = YES;
				CLANG_WARN_ENUM_CONVERSION = YES;
				CLANG_WARN_INT_CONVERSION = YES;
				CLANG_WARN_OBJC_ROOT_CLASS = YES_ERROR;
				CLANG_WARN_UNREACHABLE_CODE = YES;
				CLANG_WARN__DUPLICATE_METHOD_MATCH = YES;
				COPY_PHASE_STRIP = NO;
				DEBUG_INFORMATION_FORMAT = "dwarf-with-dsym";
				ENABLE_NS_ASSERTIONS = NO;
				ENABLE_STRICT_OBJC_MSGSEND = YES;
				GCC_C_LANGUAGE_STANDARD = gnu99;
				GCC_NO_COMMON_BLOCKS = YES;
				GCC_WARN_64_TO_32_BIT_CONVERSION = YES;
				GCC_WARN_ABOUT_RETURN_TYPE = YES_ERROR;
				GCC_WARN_UNDECLARED_SELECTOR = YES;
				GCC_WARN_UNINITIALIZED_AUTOS = YES_AGGRESSIVE;
				GCC_WARN_UNUSED_FUNCTION = YES;
				GCC_WARN_UNUSED_VARIABLE = YES;
				MACOSX_DEPLOYMENT_TARGET = 10.10;
				MTL_ENABLE_DEBUG_INFO = NO;
				SDKROOT = macosx;
			};
			name = Release;
		};
		C513AC891B8AF1A700DC77CE /* Debug */ = {
			isa = XCBuildConfiguration;
			buildSettings = {
				PRODUCT_NAME = "$(TARGET_NAME)";
			};
			name = Debug;
		};
		C513AC8A1B8AF1A700DC77CE /* Release */ = {
			isa = XCBuildConfiguration;
			buildSettings = {
				PRODUCT_NAME = "$(TARGET_NAME)";
			};
			name = Release;
		};
/* End XCBuildConfiguration section */

/* Begin XCConfigurationList section */
		C513AC7C1B8AF1A700DC77CE /* Build configuration list for PBXProject "3.9 fltadd" */ = {
			isa = XCConfigurationList;
			buildConfigurations = (
				C513AC861B8AF1A700DC77CE /* Debug */,
				C513AC871B8AF1A700DC77CE /* Release */,
			);
			defaultConfigurationIsVisible = 0;
			defaultConfigurationName = Release;
		};
		C513AC881B8AF1A700DC77CE /* Build configuration list for PBXNativeTarget "3.9 fltadd" */ = {
			isa = XCConfigurationList;
			buildConfigurations = (
				C513AC891B8AF1A700DC77CE /* Debug */,
				C513AC8A1B8AF1A700DC77CE /* Release */,
			);
			defaultConfigurationIsVisible = 0;
		};
/* End XCConfigurationList section */
	};
	rootObject = C513AC791B8AF1A700DC77CE /* Project object */;
}
